
Microsoft Visual Studio Solution File, Format Version 12.00
# Visual Studio Version 17
VisualStudioVersion = 17.6.33815.320
MinimumVisualStudioVersion = 10.0.40219.1
Project("{9A19103F-16F7-4668-BE54-9A1E7A4F7556}") = "CursoParte02", "CursoParte02\CursoParte02.csproj", "{BCB42AB9-356C-4B5D-B81C-929D90516F86}"
EndProject
Global
	GlobalSection(SolutionConfigurationPlatforms) = preSolution
		Debug|Any CPU = Debug|Any CPU
		Release|Any CPU = Release|Any CPU
	EndGlobalSection
	GlobalSection(ProjectConfigurationPlatforms) = postSolution
		{BCB42AB9-356C-4B5D-B81C-929D90516F86}.Debug|Any CPU.ActiveCfg = Debug|Any CPU
		{BCB42AB9-356C-4B5D-B81C-929D90516F86}.Debug|Any CPU.Build.0 = Debug|Any CPU
		{BCB42AB9-356C-4B5D-B81C-929D90516F86}.Release|Any CPU.ActiveCfg = Release|Any CPU
		{BCB42AB9-356C-4B5D-B81C-929D90516F86}.Release|Any CPU.Build.0 = Release|Any CPU
	EndGlobalSection
	GlobalSection(SolutionProperties) = preSolution
		HideSolutionNode = FALSE
	EndGlobalSection
	GlobalSection(ExtensibilityGlobals) = postSolution
		SolutionGuid = {0DF82C05-FCC6-470D-B66B-42556FCBAA1B}
	EndGlobalSection
EndGlobal
